
Microsoft Visual Studio Solution File, Format Version 12.00
# Visual Studio Express 2012 for Windows Desktop
Project("{FAE04EC0-301F-11D3-BF4B-00C04F79EFBC}") = "WavCmp", "WavCmp\WavCmp.csproj", "{14031367-5B96-4873-A026-E547B2CFCF13}"
EndProject
Global
	GlobalSection(SolutionConfigurationPlatforms) = preSolution
		Debug|Any CPU = Debug|Any CPU
		Release|Any CPU = Release|Any CPU
	EndGlobalSection
	GlobalSection(ProjectConfigurationPlatforms) = postSolution
		{14031367-5B96-4873-A026-E547B2CFCF13}.Debug|Any CPU.ActiveCfg = Debug|Any CPU
		{14031367-5B96-4873-A026-E547B2CFCF13}.Debug|Any CPU.Build.0 = Debug|Any CPU
		{14031367-5B96-4873-A026-E547B2CFCF13}.Release|Any CPU.ActiveCfg = Release|Any CPU
		{14031367-5B96-4873-A026-E547B2CFCF13}.Release|Any CPU.Build.0 = Release|Any CPU
	EndGlobalSection
	GlobalSection(SolutionProperties) = preSolution
		HideSolutionNode = FALSE
	EndGlobalSection
EndGlobal
